{
    "_meta": {
        "hash": {
            "sha256": "69cc09c615870f42f72463753c83afcc25aa8faf5add465b1e0f86962890c1e7"
        },
        "pipfile-spec": 6,
        "requires": {
            "python_version": "3.11"
        },
        "sources": [
            {
                "name": "pip_conf_index_global",
                "url": "https://mirrors.aliyun.com/pypi/simple/",
                "verify_ssl": true
            }
        ]
    },
    "default": {},
    "develop": {}
}
